
Microsoft Visual Studio Solution File, Format Version 12.00
# Visual Studio Version 16
VisualStudioVersion = 16.0.28516.95
MinimumVisualStudioVersion = 10.0.40219.1
Project("{9A19103F-16F7-4668-BE54-9A1E7A4F7556}") = "TaglibSharp", "src\TaglibSharp\TaglibSharp.csproj", "{6B143A39-C7B2-4743-9917-92262C60E9A6}"
EndProject
Project("{9A19103F-16F7-4668-BE54-9A1E7A4F7556}") = "TaglibSharp.Tests", "src\TaglibSharp.Tests\TaglibSharp.Tests.csproj", "{4D1C6110-D6F2-496E-BD7E-E45B7217D458}"
EndProject
Project("{9A19103F-16F7-4668-BE54-9A1E7A4F7556}") = "Debug", "src\Debug\Debug.csproj", "{AD739881-60F3-4165-9C4E-3B5CD95469F1}"
EndProject
Project("{2150E333-8FDC-42A3-9474-1A3956D46DE8}") = "Examples", "Examples", "{713FA4BF-64F6-4940-8BCD-5700356D90D3}"
EndProject
Project("{9A19103F-16F7-4668-BE54-9A1E7A4F7556}") = "ReadFromUri", "examples\ReadFromUri\ReadFromUri.csproj", "{E492FED4-068E-454B-AD50-B5CEB6A19C5C}"
EndProject
Project("{9A19103F-16F7-4668-BE54-9A1E7A4F7556}") = "SetPictures", "examples\SetPictures\SetPictures.csproj", "{812A0494-6BFA-477E-B9F7-1A1F679091BA}"
EndProject
Project("{2150E333-8FDC-42A3-9474-1A3956D46DE8}") = "Solution Items", "Solution Items", "{DBAF85DD-F405-4903-AF22-91FE886EF7DA}"
	ProjectSection(SolutionItems) = preProject
		Directory.Build.props = Directory.Build.props
		Directory.Build.targets = Directory.Build.targets
	EndProjectSection
EndProject
Global
	GlobalSection(SolutionConfigurationPlatforms) = preSolution
		Debug|Any CPU = Debug|Any CPU
		Release|Any CPU = Release|Any CPU
	EndGlobalSection
	GlobalSection(ProjectConfigurationPlatforms) = postSolution
		{6B143A39-C7B2-4743-9917-92262C60E9A6}.Debug|Any CPU.ActiveCfg = Debug|Any CPU
		{6B143A39-C7B2-4743-9917-92262C60E9A6}.Debug|Any CPU.Build.0 = Debug|Any CPU
		{6B143A39-C7B2-4743-9917-92262C60E9A6}.Release|Any CPU.ActiveCfg = Release|Any CPU
		{6B143A39-C7B2-4743-9917-92262C60E9A6}.Release|Any CPU.Build.0 = Release|Any CPU
		{4D1C6110-D6F2-496E-BD7E-E45B7217D458}.Debug|Any CPU.ActiveCfg = Debug|Any CPU
		{4D1C6110-D6F2-496E-BD7E-E45B7217D458}.Debug|Any CPU.Build.0 = Debug|Any CPU
		{4D1C6110-D6F2-496E-BD7E-E45B7217D458}.Release|Any CPU.ActiveCfg = Release|Any CPU
		{4D1C6110-D6F2-496E-BD7E-E45B7217D458}.Release|Any CPU.Build.0 = Release|Any CPU
		{AD739881-60F3-4165-9C4E-3B5CD95469F1}.Debug|Any CPU.ActiveCfg = Debug|Any CPU
		{AD739881-60F3-4165-9C4E-3B5CD95469F1}.Debug|Any CPU.Build.0 = Debug|Any CPU
		{AD739881-60F3-4165-9C4E-3B5CD95469F1}.Release|Any CPU.ActiveCfg = Release|Any CPU
		{AD739881-60F3-4165-9C4E-3B5CD95469F1}.Release|Any CPU.Build.0 = Release|Any CPU
		{E492FED4-068E-454B-AD50-B5CEB6A19C5C}.Debug|Any CPU.ActiveCfg = Debug|Any CPU
		{E492FED4-068E-454B-AD50-B5CEB6A19C5C}.Debug|Any CPU.Build.0 = Debug|Any CPU
		{E492FED4-068E-454B-AD50-B5CEB6A19C5C}.Release|Any CPU.ActiveCfg = Release|Any CPU
		{E492FED4-068E-454B-AD50-B5CEB6A19C5C}.Release|Any CPU.Build.0 = Release|Any CPU
		{812A0494-6BFA-477E-B9F7-1A1F679091BA}.Debug|Any CPU.ActiveCfg = Debug|Any CPU
		{812A0494-6BFA-477E-B9F7-1A1F679091BA}.Debug|Any CPU.Build.0 = Debug|Any CPU
		{812A0494-6BFA-477E-B9F7-1A1F679091BA}.Release|Any CPU.ActiveCfg = Release|Any CPU
		{812A0494-6BFA-477E-B9F7-1A1F679091BA}.Release|Any CPU.Build.0 = Release|Any CPU
	EndGlobalSection
	GlobalSection(SolutionProperties) = preSolution
		HideSolutionNode = FALSE
	EndGlobalSection
	GlobalSection(NestedProjects) = preSolution
		{E492FED4-068E-454B-AD50-B5CEB6A19C5C} = {713FA4BF-64F6-4940-8BCD-5700356D90D3}
		{812A0494-6BFA-477E-B9F7-1A1F679091BA} = {713FA4BF-64F6-4940-8BCD-5700356D90D3}
	EndGlobalSection
	GlobalSection(ExtensibilityGlobals) = postSolution
		SolutionGuid = {AB15318A-3210-44B1-B0BA-CCCCA2EF6688}
	EndGlobalSection
EndGlobal
